
Microsoft Visual Studio Solution File, Format Version 12.00
# Visual Studio Version 17
VisualStudioVersion = 17.7.34202.233
MinimumVisualStudioVersion = 10.0.40219.1
Project("{9A19103F-16F7-4668-BE54-9A1E7A4F7556}") = "HomeworkDistributionPortal", "HomeworkDistributionPortal\HomeworkDistributionPortal.csproj", "{0DE8E334-C8AC-4EFF-B333-C91A1BA05285}"
EndProject
Project("{FAE04EC0-301F-11D3-BF4B-00C04F79EFBC}") = "HomeworkDistributionPortal.Ui", "HomeworkDistributionPoırtal.Ui\HomeworkDistributionPortal.Ui.csproj", "{7AACDEC4-7CC1-4E62-BD30-F42F177858B7}"
EndProject
Global
	GlobalSection(SolutionConfigurationPlatforms) = preSolution
		Debug|Any CPU = Debug|Any CPU
		Release|Any CPU = Release|Any CPU
	EndGlobalSection
	GlobalSection(ProjectConfigurationPlatforms) = postSolution
		{0DE8E334-C8AC-4EFF-B333-C91A1BA05285}.Debug|Any CPU.ActiveCfg = Debug|Any CPU
		{0DE8E334-C8AC-4EFF-B333-C91A1BA05285}.Debug|Any CPU.Build.0 = Debug|Any CPU
		{0DE8E334-C8AC-4EFF-B333-C91A1BA05285}.Release|Any CPU.ActiveCfg = Release|Any CPU
		{0DE8E334-C8AC-4EFF-B333-C91A1BA05285}.Release|Any CPU.Build.0 = Release|Any CPU
		{7AACDEC4-7CC1-4E62-BD30-F42F177858B7}.Debug|Any CPU.ActiveCfg = Debug|Any CPU
		{7AACDEC4-7CC1-4E62-BD30-F42F177858B7}.Debug|Any CPU.Build.0 = Debug|Any CPU
		{7AACDEC4-7CC1-4E62-BD30-F42F177858B7}.Release|Any CPU.ActiveCfg = Release|Any CPU
		{7AACDEC4-7CC1-4E62-BD30-F42F177858B7}.Release|Any CPU.Build.0 = Release|Any CPU
	EndGlobalSection
	GlobalSection(SolutionProperties) = preSolution
		HideSolutionNode = FALSE
	EndGlobalSection
	GlobalSection(ExtensibilityGlobals) = postSolution
		SolutionGuid = {89F165AE-E6DD-4A8D-BEBD-248599E29609}
	EndGlobalSection
EndGlobal
